
Microsoft Visual Studio Solution File, Format Version 12.00
# Visual Studio 14
VisualStudioVersion = 14.0.25420.1
MinimumVisualStudioVersion = 10.0.40219.1
Project("{8BC9CEB8-8B4A-11D0-8D11-00A0C91BC942}") = "BoostLog", "BoostLog\BoostLog.vcxproj", "{3510D2DA-65E4-47F6-B7AE-B085D2CC984D}"
EndProject
Project("{8BC9CEB8-8B4A-11D0-8D11-00A0C91BC942}") = "BoostProgramOptions", "BoostProgramOptions\BoostProgramOptions.vcxproj", "{2E062D36-F73C-471B-A8BA-5FC807332901}"
EndProject
Project("{8BC9CEB8-8B4A-11D0-8D11-00A0C91BC942}") = "BoostSerialization", "BoostSerialization\BoostSerialization.vcxproj", "{ED4B62F9-E39B-48CF-B4F7-26DB9E233E34}"
EndProject
Project("{8BC9CEB8-8B4A-11D0-8D11-00A0C91BC942}") = "BoostUuid", "BoostUuid\BoostUuid.vcxproj", "{C7B1BC23-07A9-44F5-8B7C-50F1519252E4}"
EndProject
Global
	GlobalSection(SolutionConfigurationPlatforms) = preSolution
		Debug|x64 = Debug|x64
		Debug|x86 = Debug|x86
		Release|x64 = Release|x64
		Release|x86 = Release|x86
	EndGlobalSection
	GlobalSection(ProjectConfigurationPlatforms) = postSolution
		{3510D2DA-65E4-47F6-B7AE-B085D2CC984D}.Debug|x64.ActiveCfg = Debug|x64
		{3510D2DA-65E4-47F6-B7AE-B085D2CC984D}.Debug|x64.Build.0 = Debug|x64
		{3510D2DA-65E4-47F6-B7AE-B085D2CC984D}.Debug|x86.ActiveCfg = Debug|Win32
		{3510D2DA-65E4-47F6-B7AE-B085D2CC984D}.Debug|x86.Build.0 = Debug|Win32
		{3510D2DA-65E4-47F6-B7AE-B085D2CC984D}.Release|x64.ActiveCfg = Release|x64
		{3510D2DA-65E4-47F6-B7AE-B085D2CC984D}.Release|x64.Build.0 = Release|x64
		{3510D2DA-65E4-47F6-B7AE-B085D2CC984D}.Release|x86.ActiveCfg = Release|Win32
		{3510D2DA-65E4-47F6-B7AE-B085D2CC984D}.Release|x86.Build.0 = Release|Win32
		{2E062D36-F73C-471B-A8BA-5FC807332901}.Debug|x64.ActiveCfg = Debug|x64
		{2E062D36-F73C-471B-A8BA-5FC807332901}.Debug|x64.Build.0 = Debug|x64
		{2E062D36-F73C-471B-A8BA-5FC807332901}.Debug|x86.ActiveCfg = Debug|Win32
		{2E062D36-F73C-471B-A8BA-5FC807332901}.Debug|x86.Build.0 = Debug|Win32
		{2E062D36-F73C-471B-A8BA-5FC807332901}.Release|x64.ActiveCfg = Release|x64
		{2E062D36-F73C-471B-A8BA-5FC807332901}.Release|x64.Build.0 = Release|x64
		{2E062D36-F73C-471B-A8BA-5FC807332901}.Release|x86.ActiveCfg = Release|Win32
		{2E062D36-F73C-471B-A8BA-5FC807332901}.Release|x86.Build.0 = Release|Win32
		{ED4B62F9-E39B-48CF-B4F7-26DB9E233E34}.Debug|x64.ActiveCfg = Debug|x64
		{ED4B62F9-E39B-48CF-B4F7-26DB9E233E34}.Debug|x64.Build.0 = Debug|x64
		{ED4B62F9-E39B-48CF-B4F7-26DB9E233E34}.Debug|x86.ActiveCfg = Debug|Win32
		{ED4B62F9-E39B-48CF-B4F7-26DB9E233E34}.Debug|x86.Build.0 = Debug|Win32
		{ED4B62F9-E39B-48CF-B4F7-26DB9E233E34}.Release|x64.ActiveCfg = Release|x64
		{ED4B62F9-E39B-48CF-B4F7-26DB9E233E34}.Release|x64.Build.0 = Release|x64
		{ED4B62F9-E39B-48CF-B4F7-26DB9E233E34}.Release|x86.ActiveCfg = Release|Win32
		{ED4B62F9-E39B-48CF-B4F7-26DB9E233E34}.Release|x86.Build.0 = Release|Win32
		{C7B1BC23-07A9-44F5-8B7C-50F1519252E4}.Debug|x64.ActiveCfg = Debug|x64
		{C7B1BC23-07A9-44F5-8B7C-50F1519252E4}.Debug|x64.Build.0 = Debug|x64
		{C7B1BC23-07A9-44F5-8B7C-50F1519252E4}.Debug|x86.ActiveCfg = Debug|Win32
		{C7B1BC23-07A9-44F5-8B7C-50F1519252E4}.Debug|x86.Build.0 = Debug|Win32
		{C7B1BC23-07A9-44F5-8B7C-50F1519252E4}.Release|x64.ActiveCfg = Release|x64
		{C7B1BC23-07A9-44F5-8B7C-50F1519252E4}.Release|x64.Build.0 = Release|x64
		{C7B1BC23-07A9-44F5-8B7C-50F1519252E4}.Release|x86.ActiveCfg = Release|Win32
		{C7B1BC23-07A9-44F5-8B7C-50F1519252E4}.Release|x86.Build.0 = Release|Win32
	EndGlobalSection
	GlobalSection(SolutionProperties) = preSolution
		HideSolutionNode = FALSE
	EndGlobalSection
EndGlobal
