
Microsoft Visual Studio Solution File, Format Version 12.00
# Visual Studio 14
VisualStudioVersion = 14.0.25420.1
MinimumVisualStudioVersion = 10.0.40219.1
Project("{8BC9CEB8-8B4A-11D0-8D11-00A0C91BC942}") = "BoostTypeTraits", "BoostTypeTraits\BoostTypeTraits.vcxproj", "{010512A3-9B69-4E88-A9D2-F9700773E892}"
EndProject
Project("{8BC9CEB8-8B4A-11D0-8D11-00A0C91BC942}") = "BoostEnableIf", "BoostEnableIf\BoostEnableIf.vcxproj", "{5FBEFDF4-A5C6-4B71-A630-E5F89657839A}"
EndProject
Project("{8BC9CEB8-8B4A-11D0-8D11-00A0C91BC942}") = "BoostFusion", "BoostFusion\BoostFusion.vcxproj", "{44F7EF18-9532-4CB4-878E-EEE4E7A34082}"
EndProject
Global
	GlobalSection(SolutionConfigurationPlatforms) = preSolution
		Debug|x64 = Debug|x64
		Debug|x86 = Debug|x86
		Release|x64 = Release|x64
		Release|x86 = Release|x86
	EndGlobalSection
	GlobalSection(ProjectConfigurationPlatforms) = postSolution
		{010512A3-9B69-4E88-A9D2-F9700773E892}.Debug|x64.ActiveCfg = Debug|x64
		{010512A3-9B69-4E88-A9D2-F9700773E892}.Debug|x64.Build.0 = Debug|x64
		{010512A3-9B69-4E88-A9D2-F9700773E892}.Debug|x86.ActiveCfg = Debug|Win32
		{010512A3-9B69-4E88-A9D2-F9700773E892}.Debug|x86.Build.0 = Debug|Win32
		{010512A3-9B69-4E88-A9D2-F9700773E892}.Release|x64.ActiveCfg = Release|x64
		{010512A3-9B69-4E88-A9D2-F9700773E892}.Release|x64.Build.0 = Release|x64
		{010512A3-9B69-4E88-A9D2-F9700773E892}.Release|x86.ActiveCfg = Release|Win32
		{010512A3-9B69-4E88-A9D2-F9700773E892}.Release|x86.Build.0 = Release|Win32
		{5FBEFDF4-A5C6-4B71-A630-E5F89657839A}.Debug|x64.ActiveCfg = Debug|x64
		{5FBEFDF4-A5C6-4B71-A630-E5F89657839A}.Debug|x64.Build.0 = Debug|x64
		{5FBEFDF4-A5C6-4B71-A630-E5F89657839A}.Debug|x86.ActiveCfg = Debug|Win32
		{5FBEFDF4-A5C6-4B71-A630-E5F89657839A}.Debug|x86.Build.0 = Debug|Win32
		{5FBEFDF4-A5C6-4B71-A630-E5F89657839A}.Release|x64.ActiveCfg = Release|x64
		{5FBEFDF4-A5C6-4B71-A630-E5F89657839A}.Release|x64.Build.0 = Release|x64
		{5FBEFDF4-A5C6-4B71-A630-E5F89657839A}.Release|x86.ActiveCfg = Release|Win32
		{5FBEFDF4-A5C6-4B71-A630-E5F89657839A}.Release|x86.Build.0 = Release|Win32
		{44F7EF18-9532-4CB4-878E-EEE4E7A34082}.Debug|x64.ActiveCfg = Debug|x64
		{44F7EF18-9532-4CB4-878E-EEE4E7A34082}.Debug|x64.Build.0 = Debug|x64
		{44F7EF18-9532-4CB4-878E-EEE4E7A34082}.Debug|x86.ActiveCfg = Debug|Win32
		{44F7EF18-9532-4CB4-878E-EEE4E7A34082}.Debug|x86.Build.0 = Debug|Win32
		{44F7EF18-9532-4CB4-878E-EEE4E7A34082}.Release|x64.ActiveCfg = Release|x64
		{44F7EF18-9532-4CB4-878E-EEE4E7A34082}.Release|x64.Build.0 = Release|x64
		{44F7EF18-9532-4CB4-878E-EEE4E7A34082}.Release|x86.ActiveCfg = Release|Win32
		{44F7EF18-9532-4CB4-878E-EEE4E7A34082}.Release|x86.Build.0 = Release|Win32
	EndGlobalSection
	GlobalSection(SolutionProperties) = preSolution
		HideSolutionNode = FALSE
	EndGlobalSection
EndGlobal
